
Microsoft Visual Studio Solution File, Format Version 12.00
# Visual Studio Version 17
VisualStudioVersion = 17.4.33403.182
MinimumVisualStudioVersion = 10.0.40219.1
Project("{FAE04EC0-301F-11D3-BF4B-00C04F79EFBC}") = "TravelExpertsGui", "TravelExpertsGui\TravelExpertsGui.csproj", "{2A538B8B-9749-4A03-A689-4554E3E2967F}"
EndProject
Project("{FAE04EC0-301F-11D3-BF4B-00C04F79EFBC}") = "TravelExpertsData", "TravelExpertsData\TravelExpertsData.csproj", "{67539237-D9B4-44B6-A62B-98A2873EF837}"
EndProject
Global
	GlobalSection(SolutionConfigurationPlatforms) = preSolution
		Debug|Any CPU = Debug|Any CPU
		Release|Any CPU = Release|Any CPU
	EndGlobalSection
	GlobalSection(ProjectConfigurationPlatforms) = postSolution
		{2A538B8B-9749-4A03-A689-4554E3E2967F}.Debug|Any CPU.ActiveCfg = Debug|Any CPU
		{2A538B8B-9749-4A03-A689-4554E3E2967F}.Debug|Any CPU.Build.0 = Debug|Any CPU
		{2A538B8B-9749-4A03-A689-4554E3E2967F}.Release|Any CPU.ActiveCfg = Release|Any CPU
		{2A538B8B-9749-4A03-A689-4554E3E2967F}.Release|Any CPU.Build.0 = Release|Any CPU
		{67539237-D9B4-44B6-A62B-98A2873EF837}.Debug|Any CPU.ActiveCfg = Debug|Any CPU
		{67539237-D9B4-44B6-A62B-98A2873EF837}.Debug|Any CPU.Build.0 = Debug|Any CPU
		{67539237-D9B4-44B6-A62B-98A2873EF837}.Release|Any CPU.ActiveCfg = Release|Any CPU
		{67539237-D9B4-44B6-A62B-98A2873EF837}.Release|Any CPU.Build.0 = Release|Any CPU
	EndGlobalSection
	GlobalSection(SolutionProperties) = preSolution
		HideSolutionNode = FALSE
	EndGlobalSection
	GlobalSection(ExtensibilityGlobals) = postSolution
		SolutionGuid = {136CD2DB-0F0F-4988-960A-5B13BB952154}
	EndGlobalSection
EndGlobal
